
Microsoft Visual Studio Solution File, Format Version 12.00
# Visual Studio Version 16
VisualStudioVersion = 25.0.1700.0
MinimumVisualStudioVersion = 10.0.40219.1
Project("{FAE04EC0-301F-11D3-BF4B-00C04F79EFBC}") = "ThankmasCalendar", "ThankmasCalendar.csproj", "{8A8DF84F-0EF4-4FC4-B70B-342BCC580615}"
EndProject
Project("{E53339B2-1760-4266-BCC7-CA923CBCF16C}") = "docker-compose", "docker-compose.dcproj", "{91CB12FA-C74D-4E3D-AEF5-CC72275B93E7}"
EndProject
Global
	GlobalSection(SolutionConfigurationPlatforms) = preSolution
		Debug|Any CPU = Debug|Any CPU
		Release|Any CPU = Release|Any CPU
	EndGlobalSection
	GlobalSection(ProjectConfigurationPlatforms) = postSolution
		{8A8DF84F-0EF4-4FC4-B70B-342BCC580615}.Debug|Any CPU.ActiveCfg = Debug|Any CPU
		{8A8DF84F-0EF4-4FC4-B70B-342BCC580615}.Debug|Any CPU.Build.0 = Debug|Any CPU
		{8A8DF84F-0EF4-4FC4-B70B-342BCC580615}.Release|Any CPU.ActiveCfg = Release|Any CPU
		{8A8DF84F-0EF4-4FC4-B70B-342BCC580615}.Release|Any CPU.Build.0 = Release|Any CPU
		{91CB12FA-C74D-4E3D-AEF5-CC72275B93E7}.Debug|Any CPU.ActiveCfg = Debug|Any CPU
		{91CB12FA-C74D-4E3D-AEF5-CC72275B93E7}.Debug|Any CPU.Build.0 = Debug|Any CPU
		{91CB12FA-C74D-4E3D-AEF5-CC72275B93E7}.Release|Any CPU.ActiveCfg = Release|Any CPU
		{91CB12FA-C74D-4E3D-AEF5-CC72275B93E7}.Release|Any CPU.Build.0 = Release|Any CPU
	EndGlobalSection
	GlobalSection(SolutionProperties) = preSolution
		HideSolutionNode = FALSE
	EndGlobalSection
	GlobalSection(ExtensibilityGlobals) = postSolution
		SolutionGuid = {35C70D88-8104-4A11-8CFB-CD67911F8E09}
	EndGlobalSection
EndGlobal
